
Microsoft Visual Studio Solution File, Format Version 12.00
# Visual Studio Version 17
VisualStudioVersion = 17.2.32616.157
MinimumVisualStudioVersion = 10.0.40219.1
Project("{9A19103F-16F7-4668-BE54-9A1E7A4F7556}") = "RPG", "..\RPG.csproj", "{7C44E5A2-D257-47F9-B27C-EAFC41EFE7CC}"
EndProject
Global
	GlobalSection(SolutionConfigurationPlatforms) = preSolution
		Debug|Any CPU = Debug|Any CPU
		Release|Any CPU = Release|Any CPU
	EndGlobalSection
	GlobalSection(ProjectConfigurationPlatforms) = postSolution
		{7C44E5A2-D257-47F9-B27C-EAFC41EFE7CC}.Debug|Any CPU.ActiveCfg = Debug|Any CPU
		{7C44E5A2-D257-47F9-B27C-EAFC41EFE7CC}.Debug|Any CPU.Build.0 = Debug|Any CPU
		{7C44E5A2-D257-47F9-B27C-EAFC41EFE7CC}.Release|Any CPU.ActiveCfg = Release|Any CPU
		{7C44E5A2-D257-47F9-B27C-EAFC41EFE7CC}.Release|Any CPU.Build.0 = Release|Any CPU
	EndGlobalSection
	GlobalSection(SolutionProperties) = preSolution
		HideSolutionNode = FALSE
	EndGlobalSection
	GlobalSection(ExtensibilityGlobals) = postSolution
		SolutionGuid = {2A56D13E-8C8C-4624-B2A5-37057A2F7AB4}
	EndGlobalSection
EndGlobal
